{
  "name": "leaflet-tracking-marker",
  "version": "0.4.0",
  "lockfileVersion": 1,
  "requires": true,
  "dependencies": {
    "@react-leaflet/core": {
      "version": "1.1.0",
      "resolved": "https://registry.npmjs.org/@react-leaflet/core/-/core-1.1.0.tgz",
      "integrity": "sha512-zFxMHgfjCi7khRVB7o7H8NoJl36NaezvfcaeEurVXx22lAGHFlTHiSuLOGA4tOiHj+Ep+Lo3uwUGJ3YM9BGkHg=="
    },
    "leaflet": {
      "version": "1.7.1",
      "resolved": "https://registry.npmjs.org/leaflet/-/leaflet-1.7.1.tgz",
      "integrity": "sha512-/xwPEBidtg69Q3HlqPdU3DnrXQOvQU/CCHA1tcDQVzOwm91YMYaILjNp7L4Eaw5Z4sOYdbBz6koWyibppd8Zqw=="
    },
    "react-leaflet": {
      "version": "3.2.1",
      "resolved": "https://registry.npmjs.org/react-leaflet/-/react-leaflet-3.2.1.tgz",
      "integrity": "sha512-3iS1fpOO+uaRpbuq68Euw9kgaoM9oIGBiDfeFtVb/C9PWBQvXdrv1n946Z8GrbQEhrT+hM9ND6NLLF9fGxTGRw==",
      "requires": {
        "@react-leaflet/core": "^1.1.0"
      }
    }
  }
}
